
Microsoft Visual Studio Solution File, Format Version 12.00
# Visual Studio Version 17
VisualStudioVersion = 17.0.31903.59
MinimumVisualStudioVersion = 10.0.40219.1
Project("{FAE04EC0-301F-11D3-BF4B-00C04F79EFBC}") = "1", "1\1.csproj", "{F5FF2EF1-EC62-4D9E-8E6D-89252C6EA65A}"
EndProject
Project("{FAE04EC0-301F-11D3-BF4B-00C04F79EFBC}") = "2", "2\2.csproj", "{4D494247-7986-4B52-9609-0A3B91FD540D}"
EndProject
Project("{FAE04EC0-301F-11D3-BF4B-00C04F79EFBC}") = "3", "3\3.csproj", "{C628D452-B03D-4D8F-B949-DE92A3FACAFF}"
EndProject
Project("{FAE04EC0-301F-11D3-BF4B-00C04F79EFBC}") = "4", "4\4.csproj", "{08929586-F26F-4781-9782-AA6FDF398ACA}"
EndProject
Global
	GlobalSection(SolutionConfigurationPlatforms) = preSolution
		Debug|Any CPU = Debug|Any CPU
		Release|Any CPU = Release|Any CPU
	EndGlobalSection
	GlobalSection(SolutionProperties) = preSolution
		HideSolutionNode = FALSE
	EndGlobalSection
	GlobalSection(ProjectConfigurationPlatforms) = postSolution
		{F5FF2EF1-EC62-4D9E-8E6D-89252C6EA65A}.Debug|Any CPU.ActiveCfg = Debug|Any CPU
		{F5FF2EF1-EC62-4D9E-8E6D-89252C6EA65A}.Debug|Any CPU.Build.0 = Debug|Any CPU
		{F5FF2EF1-EC62-4D9E-8E6D-89252C6EA65A}.Release|Any CPU.ActiveCfg = Release|Any CPU
		{F5FF2EF1-EC62-4D9E-8E6D-89252C6EA65A}.Release|Any CPU.Build.0 = Release|Any CPU
		{4D494247-7986-4B52-9609-0A3B91FD540D}.Debug|Any CPU.ActiveCfg = Debug|Any CPU
		{4D494247-7986-4B52-9609-0A3B91FD540D}.Debug|Any CPU.Build.0 = Debug|Any CPU
		{4D494247-7986-4B52-9609-0A3B91FD540D}.Release|Any CPU.ActiveCfg = Release|Any CPU
		{4D494247-7986-4B52-9609-0A3B91FD540D}.Release|Any CPU.Build.0 = Release|Any CPU
		{C628D452-B03D-4D8F-B949-DE92A3FACAFF}.Debug|Any CPU.ActiveCfg = Debug|Any CPU
		{C628D452-B03D-4D8F-B949-DE92A3FACAFF}.Debug|Any CPU.Build.0 = Debug|Any CPU
		{C628D452-B03D-4D8F-B949-DE92A3FACAFF}.Release|Any CPU.ActiveCfg = Release|Any CPU
		{C628D452-B03D-4D8F-B949-DE92A3FACAFF}.Release|Any CPU.Build.0 = Release|Any CPU
		{08929586-F26F-4781-9782-AA6FDF398ACA}.Debug|Any CPU.ActiveCfg = Debug|Any CPU
		{08929586-F26F-4781-9782-AA6FDF398ACA}.Debug|Any CPU.Build.0 = Debug|Any CPU
		{08929586-F26F-4781-9782-AA6FDF398ACA}.Release|Any CPU.ActiveCfg = Release|Any CPU
		{08929586-F26F-4781-9782-AA6FDF398ACA}.Release|Any CPU.Build.0 = Release|Any CPU
	EndGlobalSection
EndGlobal
